
Microsoft Visual Studio Solution File, Format Version 12.00
# Visual Studio Version 17
VisualStudioVersion = 17.10.34928.147
MinimumVisualStudioVersion = 10.0.40219.1
Project("{FAE04EC0-301F-11D3-BF4B-00C04F79EFBC}") = "first wpf 06.09", "first wpf 06.09.csproj", "{131C4DCD-771C-482A-BAB9-C48773F5E96C}"
EndProject
Global
	GlobalSection(SolutionConfigurationPlatforms) = preSolution
		Debug|Any CPU = Debug|Any CPU
		Release|Any CPU = Release|Any CPU
	EndGlobalSection
	GlobalSection(ProjectConfigurationPlatforms) = postSolution
		{131C4DCD-771C-482A-BAB9-C48773F5E96C}.Debug|Any CPU.ActiveCfg = Debug|Any CPU
		{131C4DCD-771C-482A-BAB9-C48773F5E96C}.Debug|Any CPU.Build.0 = Debug|Any CPU
		{131C4DCD-771C-482A-BAB9-C48773F5E96C}.Release|Any CPU.ActiveCfg = Release|Any CPU
		{131C4DCD-771C-482A-BAB9-C48773F5E96C}.Release|Any CPU.Build.0 = Release|Any CPU
	EndGlobalSection
	GlobalSection(SolutionProperties) = preSolution
		HideSolutionNode = FALSE
	EndGlobalSection
	GlobalSection(ExtensibilityGlobals) = postSolution
		SolutionGuid = {EEDCC5CE-AA67-4246-BE77-71F1BFDB9A32}
	EndGlobalSection
EndGlobal
